
Microsoft Visual Studio Solution File, Format Version 12.00
# Visual Studio Version 17
VisualStudioVersion = 17.9.34728.123
MinimumVisualStudioVersion = 10.0.40219.1
Project("{9A19103F-16F7-4668-BE54-9A1E7A4F7556}") = "EComerce.Api.Products", "EComerce.Api.Products\EComerce.Api.Products.csproj", "{5784F25A-B2AB-4C45-AC57-FA1F75C11079}"
EndProject
Project("{9A19103F-16F7-4668-BE54-9A1E7A4F7556}") = "EComerce.Api.Costumers", "EComerce.Api.Costumers\EComerce.Api.Costumers.csproj", "{44B14F26-96F5-47E4-BDDB-1F27FB27E94F}"
EndProject
Project("{9A19103F-16F7-4668-BE54-9A1E7A4F7556}") = "EComerce.Api.Orders", "EComerce.Api.Orders\EComerce.Api.Orders.csproj", "{5D29A26D-24B2-4EE4-BEC6-88A1AD3C3F98}"
EndProject
Project("{9A19103F-16F7-4668-BE54-9A1E7A4F7556}") = "EComerce.Api.Searchs", "EComerce.Api.Searchs\EComerce.Api.Searchs.csproj", "{F801014E-886B-48A9-995B-19AA38257C08}"
EndProject
Project("{9A19103F-16F7-4668-BE54-9A1E7A4F7556}") = "EComerce.Api.Prodcts.Test", "EComerce.Api.Prodcts.Test\EComerce.Api.Prodcts.Test.csproj", "{757E90A3-9C87-4066-88E5-BD46BB4C4A3B}"
EndProject
Project("{E53339B2-1760-4266-BCC7-CA923CBCF16C}") = "docker-compose", "docker-compose.dcproj", "{430BCE91-077A-409F-AD96-7ADD5C1A9C6F}"
EndProject
Global
	GlobalSection(SolutionConfigurationPlatforms) = preSolution
		Debug|Any CPU = Debug|Any CPU
		Release|Any CPU = Release|Any CPU
	EndGlobalSection
	GlobalSection(ProjectConfigurationPlatforms) = postSolution
		{5784F25A-B2AB-4C45-AC57-FA1F75C11079}.Debug|Any CPU.ActiveCfg = Debug|Any CPU
		{5784F25A-B2AB-4C45-AC57-FA1F75C11079}.Debug|Any CPU.Build.0 = Debug|Any CPU
		{5784F25A-B2AB-4C45-AC57-FA1F75C11079}.Release|Any CPU.ActiveCfg = Release|Any CPU
		{5784F25A-B2AB-4C45-AC57-FA1F75C11079}.Release|Any CPU.Build.0 = Release|Any CPU
		{44B14F26-96F5-47E4-BDDB-1F27FB27E94F}.Debug|Any CPU.ActiveCfg = Debug|Any CPU
		{44B14F26-96F5-47E4-BDDB-1F27FB27E94F}.Debug|Any CPU.Build.0 = Debug|Any CPU
		{44B14F26-96F5-47E4-BDDB-1F27FB27E94F}.Release|Any CPU.ActiveCfg = Release|Any CPU
		{44B14F26-96F5-47E4-BDDB-1F27FB27E94F}.Release|Any CPU.Build.0 = Release|Any CPU
		{5D29A26D-24B2-4EE4-BEC6-88A1AD3C3F98}.Debug|Any CPU.ActiveCfg = Debug|Any CPU
		{5D29A26D-24B2-4EE4-BEC6-88A1AD3C3F98}.Debug|Any CPU.Build.0 = Debug|Any CPU
		{5D29A26D-24B2-4EE4-BEC6-88A1AD3C3F98}.Release|Any CPU.ActiveCfg = Release|Any CPU
		{5D29A26D-24B2-4EE4-BEC6-88A1AD3C3F98}.Release|Any CPU.Build.0 = Release|Any CPU
		{F801014E-886B-48A9-995B-19AA38257C08}.Debug|Any CPU.ActiveCfg = Debug|Any CPU
		{F801014E-886B-48A9-995B-19AA38257C08}.Debug|Any CPU.Build.0 = Debug|Any CPU
		{F801014E-886B-48A9-995B-19AA38257C08}.Release|Any CPU.ActiveCfg = Release|Any CPU
		{F801014E-886B-48A9-995B-19AA38257C08}.Release|Any CPU.Build.0 = Release|Any CPU
		{757E90A3-9C87-4066-88E5-BD46BB4C4A3B}.Debug|Any CPU.ActiveCfg = Debug|Any CPU
		{757E90A3-9C87-4066-88E5-BD46BB4C4A3B}.Debug|Any CPU.Build.0 = Debug|Any CPU
		{757E90A3-9C87-4066-88E5-BD46BB4C4A3B}.Release|Any CPU.ActiveCfg = Release|Any CPU
		{757E90A3-9C87-4066-88E5-BD46BB4C4A3B}.Release|Any CPU.Build.0 = Release|Any CPU
		{430BCE91-077A-409F-AD96-7ADD5C1A9C6F}.Debug|Any CPU.ActiveCfg = Debug|Any CPU
		{430BCE91-077A-409F-AD96-7ADD5C1A9C6F}.Debug|Any CPU.Build.0 = Debug|Any CPU
		{430BCE91-077A-409F-AD96-7ADD5C1A9C6F}.Release|Any CPU.ActiveCfg = Release|Any CPU
		{430BCE91-077A-409F-AD96-7ADD5C1A9C6F}.Release|Any CPU.Build.0 = Release|Any CPU
	EndGlobalSection
	GlobalSection(SolutionProperties) = preSolution
		HideSolutionNode = FALSE
	EndGlobalSection
	GlobalSection(ExtensibilityGlobals) = postSolution
		SolutionGuid = {9E77688B-5D91-468B-A06B-98550E5651F3}
	EndGlobalSection
EndGlobal
